{
  "name": "sse-client",
  "version": "1.0.0",
  "lockfileVersion": 2,
  "requires": true,
  "packages": {
    "": {
      "name": "sse-client",
      "version": "1.0.0",
      "license": "ISC",
      "dependencies": {
        "sse-client-web": "^1.7.0"
      }
    },
    "node_modules/mitt": {
      "version": "3.0.0",
      "resolved": "https://registry.npmjs.org/mitt/-/mitt-3.0.0.tgz",
      "integrity": "sha512-7dX2/10ITVyqh4aOSVI9gdape+t9l2/8QxHrFmUXu4EEUpdlxl6RudZUPZoc+zuY2hk1j7XxVroIVIan/pD/SQ=="
    },
    "node_modules/sse-client-web": {
      "version": "1.7.0",
      "resolved": "https://registry.npmjs.org/sse-client-web/-/sse-client-web-1.7.0.tgz",
      "integrity": "sha512-5pqLwDPGc76AzeXcO/doBvBGopB+nbJIW8HCvIl9r0lRRjYBtH8sUBKKTnBuO2UKfnZYzcCaFMPyPMf7qoucYg==",
      "dependencies": {
        "mitt": "^3.0.0"
      }
    }
  },
  "dependencies": {
    "mitt": {
      "version": "3.0.0",
      "resolved": "https://registry.npmjs.org/mitt/-/mitt-3.0.0.tgz",
      "integrity": "sha512-7dX2/10ITVyqh4aOSVI9gdape+t9l2/8QxHrFmUXu4EEUpdlxl6RudZUPZoc+zuY2hk1j7XxVroIVIan/pD/SQ=="
    },
    "sse-client-web": {
      "version": "1.7.0",
      "resolved": "https://registry.npmjs.org/sse-client-web/-/sse-client-web-1.7.0.tgz",
      "integrity": "sha512-5pqLwDPGc76AzeXcO/doBvBGopB+nbJIW8HCvIl9r0lRRjYBtH8sUBKKTnBuO2UKfnZYzcCaFMPyPMf7qoucYg==",
      "requires": {
        "mitt": "^3.0.0"
      }
    }
  }
}
